
Microsoft Visual Studio Solution File, Format Version 12.00
# Visual Studio Version 17
VisualStudioVersion = 17.4.33403.182
MinimumVisualStudioVersion = 10.0.40219.1
Project("{FAE04EC0-301F-11D3-BF4B-00C04F79EFBC}") = "001_PierwszaKlasa", "001_PierwszaKlasa\001_PierwszaKlasa.csproj", "{166733C2-B05F-436D-9C9E-A36D7D9D6CC3}"
EndProject
Global
	GlobalSection(SolutionConfigurationPlatforms) = preSolution
		Debug|Any CPU = Debug|Any CPU
		Release|Any CPU = Release|Any CPU
	EndGlobalSection
	GlobalSection(ProjectConfigurationPlatforms) = postSolution
		{166733C2-B05F-436D-9C9E-A36D7D9D6CC3}.Debug|Any CPU.ActiveCfg = Debug|Any CPU
		{166733C2-B05F-436D-9C9E-A36D7D9D6CC3}.Debug|Any CPU.Build.0 = Debug|Any CPU
		{166733C2-B05F-436D-9C9E-A36D7D9D6CC3}.Release|Any CPU.ActiveCfg = Release|Any CPU
		{166733C2-B05F-436D-9C9E-A36D7D9D6CC3}.Release|Any CPU.Build.0 = Release|Any CPU
	EndGlobalSection
	GlobalSection(SolutionProperties) = preSolution
		HideSolutionNode = FALSE
	EndGlobalSection
	GlobalSection(ExtensibilityGlobals) = postSolution
		SolutionGuid = {FB089D46-3783-4F6C-8655-931FE514C392}
	EndGlobalSection
EndGlobal
